
Microsoft Visual Studio Solution File, Format Version 12.00
# Visual Studio Version 16
VisualStudioVersion = 16.0.29009.5
MinimumVisualStudioVersion = 10.0.40219.1
Project("{FAE04EC0-301F-11D3-BF4B-00C04F79EFBC}") = "TestCapstone", "TestCapstone\TestCapstone.csproj", "{026AD252-0BA1-4073-99E4-D03C8D4F18BA}"
EndProject
Project("{FAE04EC0-301F-11D3-BF4B-00C04F79EFBC}") = "DataAccessLayer", "DataAccessLayer\DataAccessLayer.csproj", "{5791A956-4716-4C5B-91B3-E7F4BFACF0A7}"
EndProject
Global
	GlobalSection(SolutionConfigurationPlatforms) = preSolution
		Debug|Any CPU = Debug|Any CPU
		Release|Any CPU = Release|Any CPU
	EndGlobalSection
	GlobalSection(ProjectConfigurationPlatforms) = postSolution
		{026AD252-0BA1-4073-99E4-D03C8D4F18BA}.Debug|Any CPU.ActiveCfg = Debug|Any CPU
		{026AD252-0BA1-4073-99E4-D03C8D4F18BA}.Debug|Any CPU.Build.0 = Debug|Any CPU
		{026AD252-0BA1-4073-99E4-D03C8D4F18BA}.Release|Any CPU.ActiveCfg = Release|Any CPU
		{026AD252-0BA1-4073-99E4-D03C8D4F18BA}.Release|Any CPU.Build.0 = Release|Any CPU
		{5791A956-4716-4C5B-91B3-E7F4BFACF0A7}.Debug|Any CPU.ActiveCfg = Debug|Any CPU
		{5791A956-4716-4C5B-91B3-E7F4BFACF0A7}.Debug|Any CPU.Build.0 = Debug|Any CPU
		{5791A956-4716-4C5B-91B3-E7F4BFACF0A7}.Release|Any CPU.ActiveCfg = Release|Any CPU
		{5791A956-4716-4C5B-91B3-E7F4BFACF0A7}.Release|Any CPU.Build.0 = Release|Any CPU
	EndGlobalSection
	GlobalSection(SolutionProperties) = preSolution
		HideSolutionNode = FALSE
	EndGlobalSection
	GlobalSection(ExtensibilityGlobals) = postSolution
		SolutionGuid = {8F5E2127-A428-400A-A395-A220F6175356}
	EndGlobalSection
EndGlobal
